// !$*UTF8*$!
{
	archiveVersion = 1;
	classes = {
	};
	objectVersion = 56;
	objects = {

/* Begin PBXBuildFile section */
		9FC6D7F12B723023002C8F1F /* SwiftFaissXCodeApp.swift in Sources */ = {isa = PBXBuildFile; fileRef = 9FC6D7F02B723023002C8F1F /* SwiftFaissXCodeApp.swift */; };
		9FC6D7F32B723023002C8F1F /* ContentView.swift in Sources */ = {isa = PBXBuildFile; fileRef = 9FC6D7F22B723023002C8F1F /* ContentView.swift */; };
		9FC6D7F52B723024002C8F1F /* Assets.xcassets in Resources */ = {isa = PBXBuildFile; fileRef = 9FC6D7F42B723024002C8F1F /* Assets.xcassets */; };
		9FC6D7F82B723024002C8F1F /* Preview Assets.xcassets in Resources */ = {isa = PBXBuildFile; fileRef = 9FC6D7F72B723024002C8F1F /* Preview Assets.xcassets */; };
		9FC6D8022B723024002C8F1F /* SwiftFaissXCodeTests.swift in Sources */ = {isa = PBXBuildFile; fileRef = 9FC6D8012B723024002C8F1F /* SwiftFaissXCodeTests.swift */; };
		9FC6D81C2B7230A5002C8F1F /* SwiftFaiss in Frameworks */ = {isa = PBXBuildFile; productRef = 9FC6D81B2B7230A5002C8F1F /* SwiftFaiss */; };
/* End PBXBuildFile section */

/* Begin PBXContainerItemProxy section */
		9FC6D7FE2B723024002C8F1F /* PBXContainerItemProxy */ = {
			isa = PBXContainerItemProxy;
			containerPortal = 9FC6D7E52B723023002C8F1F /* Project object */;
			proxyType = 1;
			remoteGlobalIDString = 9FC6D7EC2B723023002C8F1F;
			remoteInfo = SwiftFaissXCode;
		};
/* End PBXContainerItemProxy section */

/* Begin PBXFileReference section */
		9FC6D7ED2B723023002C8F1F /* SwiftFaissXCode.app */ = {isa = PBXFileReference; explicitFileType = wrapper.application; includeInIndex = 0; path = SwiftFaissXCode.app; sourceTree = BUILT_PRODUCTS_DIR; };
		9FC6D7F02B723023002C8F1F /* SwiftFaissXCodeApp.swift */ = {isa = PBXFileReference; lastKnownFileType = sourcecode.swift; path = SwiftFaissXCodeApp.swift; sourceTree = "<group>"; };
		9FC6D7F22B723023002C8F1F /* ContentView.swift */ = {isa = PBXFileReference; lastKnownFileType = sourcecode.swift; path = ContentView.swift; sourceTree = "<group>"; };
		9FC6D7F42B723024002C8F1F /* Assets.xcassets */ = {isa = PBXFileReference; lastKnownFileType = folder.assetcatalog; path = Assets.xcassets; sourceTree = "<group>"; };
		9FC6D7F72B723024002C8F1F /* Preview Assets.xcassets */ = {isa = PBXFileReference; lastKnownFileType = folder.assetcatalog; path = "Preview Assets.xcassets"; sourceTree = "<group>"; };
		9FC6D7FD2B723024002C8F1F /* SwiftFaissXCodeTests.xctest */ = {isa = PBXFileReference; explicitFileType = wrapper.cfbundle; includeInIndex = 0; path = SwiftFaissXCodeTests.xctest; sourceTree = BUILT_PRODUCTS_DIR; };
		9FC6D8012B723024002C8F1F /* SwiftFaissXCodeTests.swift */ = {isa = PBXFileReference; lastKnownFileType = sourcecode.swift; path = SwiftFaissXCodeTests.swift; sourceTree = "<group>"; };
/* End PBXFileReference section */

/* Begin PBXFrameworksBuildPhase section */
		9FC6D7EA2B723023002C8F1F /* Frameworks */ = {
			isa = PBXFrameworksBuildPhase;
			buildActionMask = 2147483647;
			files = (
				9FC6D81C2B7230A5002C8F1F /* SwiftFaiss in Frameworks */,
			);
			runOnlyForDeploymentPostprocessing = 0;
		};
		9FC6D7FA2B723024002C8F1F /* Frameworks */ = {
			isa = PBXFrameworksBuildPhase;
			buildActionMask = 2147483647;
			files = (
			);
			runOnlyForDeploymentPostprocessing = 0;
		};
/* End PBXFrameworksBuildPhase section */

/* Begin PBXGroup section */
		9FC6D7E42B723023002C8F1F = {
			isa = PBXGroup;
			children = (
				9FC6D7EF2B723023002C8F1F /* SwiftFaissXCode */,
				9FC6D8002B723024002C8F1F /* SwiftFaissXCodeTests */,
				9FC6D7EE2B723023002C8F1F /* Products */,
			);
			sourceTree = "<group>";
		};
		9FC6D7EE2B723023002C8F1F /* Products */ = {
			isa = PBXGroup;
			children = (
				9FC6D7ED2B723023002C8F1F /* SwiftFaissXCode.app */,
				9FC6D7FD2B723024002C8F1F /* SwiftFaissXCodeTests.xctest */,
			);
			name = Products;
			sourceTree = "<group>";
		};
		9FC6D7EF2B723023002C8F1F /* SwiftFaissXCode */ = {
			isa = PBXGroup;
			children = (
				9FC6D7F02B723023002C8F1F /* SwiftFaissXCodeApp.swift */,
				9FC6D7F22B723023002C8F1F /* ContentView.swift */,
				9FC6D7F42B723024002C8F1F /* Assets.xcassets */,
				9FC6D7F62B723024002C8F1F /* Preview Content */,
			);
			path = SwiftFaissXCode;
			sourceTree = "<group>";
		};
		9FC6D7F62B723024002C8F1F /* Preview Content */ = {
			isa = PBXGroup;
			children = (
				9FC6D7F72B723024002C8F1F /* Preview Assets.xcassets */,
			);
			path = "Preview Content";
			sourceTree = "<group>";
		};
		9FC6D8002B723024002C8F1F /* SwiftFaissXCodeTests */ = {
			isa = PBXGroup;
			children = (
				9FC6D8012B723024002C8F1F /* SwiftFaissXCodeTests.swift */,
			);
			path = SwiftFaissXCodeTests;
			sourceTree = "<group>";
		};
/* End PBXGroup section */

/* Begin PBXNativeTarget section */
		9FC6D7EC2B723023002C8F1F /* SwiftFaissXCode */ = {
			isa = PBXNativeTarget;
			buildConfigurationList = 9FC6D8112B723024002C8F1F /* Build configuration list for PBXNativeTarget "SwiftFaissXCode" */;
			buildPhases = (
				9FC6D7E92B723023002C8F1F /* Sources */,
				9FC6D7EA2B723023002C8F1F /* Frameworks */,
				9FC6D7EB2B723023002C8F1F /* Resources */,
			);
			buildRules = (
			);
			dependencies = (
			);
			name = SwiftFaissXCode;
			packageProductDependencies = (
				9FC6D81B2B7230A5002C8F1F /* SwiftFaiss */,
			);
			productName = SwiftFaissXCode;
			productReference = 9FC6D7ED2B723023002C8F1F /* SwiftFaissXCode.app */;
			productType = "com.apple.product-type.application";
		};
		9FC6D7FC2B723024002C8F1F /* SwiftFaissXCodeTests */ = {
			isa = PBXNativeTarget;
			buildConfigurationList = 9FC6D8142B723024002C8F1F /* Build configuration list for PBXNativeTarget "SwiftFaissXCodeTests" */;
			buildPhases = (
				9FC6D7F92B723024002C8F1F /* Sources */,
				9FC6D7FA2B723024002C8F1F /* Frameworks */,
				9FC6D7FB2B723024002C8F1F /* Resources */,
			);
			buildRules = (
			);
			dependencies = (
				9FC6D7FF2B723024002C8F1F /* PBXTargetDependency */,
			);
			name = SwiftFaissXCodeTests;
			productName = SwiftFaissXCodeTests;
			productReference = 9FC6D7FD2B723024002C8F1F /* SwiftFaissXCodeTests.xctest */;
			productType = "com.apple.product-type.bundle.unit-test";
		};
/* End PBXNativeTarget section */

/* Begin PBXProject section */
		9FC6D7E52B723023002C8F1F /* Project object */ = {
			isa = PBXProject;
			attributes = {
				BuildIndependentTargetsInParallel = 1;
				LastSwiftUpdateCheck = 1510;
				LastUpgradeCheck = 1510;
				TargetAttributes = {
					9FC6D7EC2B723023002C8F1F = {
						CreatedOnToolsVersion = 15.1;
					};
					9FC6D7FC2B723024002C8F1F = {
						CreatedOnToolsVersion = 15.1;
						TestTargetID = 9FC6D7EC2B723023002C8F1F;
					};
				};
			};
			buildConfigurationList = 9FC6D7E82B723023002C8F1F /* Build configuration list for PBXProject "SwiftFaissXCode" */;
			compatibilityVersion = "Xcode 14.0";
			developmentRegion = en;
			hasScannedForEncodings = 0;
			knownRegions = (
				en,
				Base,
			);
			mainGroup = 9FC6D7E42B723023002C8F1F;
			packageReferences = (
				9FC6D81A2B7230A5002C8F1F /* XCRemoteSwiftPackageReference "SwiftFaiss" */,
			);
			productRefGroup = 9FC6D7EE2B723023002C8F1F /* Products */;
			projectDirPath = "";
			projectRoot = "";
			targets = (
				9FC6D7EC2B723023002C8F1F /* SwiftFaissXCode */,
				9FC6D7FC2B723024002C8F1F /* SwiftFaissXCodeTests */,
			);
		};
/* End PBXProject section */

/* Begin PBXResourcesBuildPhase section */
		9FC6D7EB2B723023002C8F1F /* Resources */ = {
			isa = PBXResourcesBuildPhase;
			buildActionMask = 2147483647;
			files = (
				9FC6D7F82B723024002C8F1F /* Preview Assets.xcassets in Resources */,
				9FC6D7F52B723024002C8F1F /* Assets.xcassets in Resources */,
			);
			runOnlyForDeploymentPostprocessing = 0;
		};
		9FC6D7FB2B723024002C8F1F /* Resources */ = {
			isa = PBXResourcesBuildPhase;
			buildActionMask = 2147483647;
			files = (
			);
			runOnlyForDeploymentPostprocessing = 0;
		};
/* End PBXResourcesBuildPhase section */

/* Begin PBXSourcesBuildPhase section */
		9FC6D7E92B723023002C8F1F /* Sources */ = {
			isa = PBXSourcesBuildPhase;
			buildActionMask = 2147483647;
			files = (
				9FC6D7F32B723023002C8F1F /* ContentView.swift in Sources */,
				9FC6D7F12B723023002C8F1F /* SwiftFaissXCodeApp.swift in Sources */,
			);
			runOnlyForDeploymentPostprocessing = 0;
		};
		9FC6D7F92B723024002C8F1F /* Sources */ = {
			isa = PBXSourcesBuildPhase;
			buildActionMask = 2147483647;
			files = (
				9FC6D8022B723024002C8F1F /* SwiftFaissXCodeTests.swift in Sources */,
			);
			runOnlyForDeploymentPostprocessing = 0;
		};
/* End PBXSourcesBuildPhase section */

/* Begin PBXTargetDependency section */
		9FC6D7FF2B723024002C8F1F /* PBXTargetDependency */ = {
			isa = PBXTargetDependency;
			target = 9FC6D7EC2B723023002C8F1F /* SwiftFaissXCode */;
			targetProxy = 9FC6D7FE2B723024002C8F1F /* PBXContainerItemProxy */;
		};
/* End PBXTargetDependency section */

/* Begin XCBuildConfiguration section */
		9FC6D80F2B723024002C8F1F /* Debug */ = {
			isa = XCBuildConfiguration;
			buildSettings = {
				ALWAYS_SEARCH_USER_PATHS = NO;
				ASSETCATALOG_COMPILER_GENERATE_SWIFT_ASSET_SYMBOL_EXTENSIONS = YES;
				CLANG_ANALYZER_NONNULL = YES;
				CLANG_ANALYZER_NUMBER_OBJECT_CONVERSION = YES_AGGRESSIVE;
				CLANG_CXX_LANGUAGE_STANDARD = "gnu++20";
				CLANG_ENABLE_MODULES = YES;
				CLANG_ENABLE_OBJC_ARC = YES;
				CLANG_ENABLE_OBJC_WEAK = YES;
				CLANG_WARN_BLOCK_CAPTURE_AUTORELEASING = YES;
				CLANG_WARN_BOOL_CONVERSION = YES;
				CLANG_WARN_COMMA = YES;
				CLANG_WARN_CONSTANT_CONVERSION = YES;
				CLANG_WARN_DEPRECATED_OBJC_IMPLEMENTATIONS = YES;
				CLANG_WARN_DIRECT_OBJC_ISA_USAGE = YES_ERROR;
				CLANG_WARN_DOCUMENTATION_COMMENTS = YES;
				CLANG_WARN_EMPTY_BODY = YES;
				CLANG_WARN_ENUM_CONVERSION = YES;
				CLANG_WARN_INFINITE_RECURSION = YES;
				CLANG_WARN_INT_CONVERSION = YES;
				CLANG_WARN_NON_LITERAL_NULL_CONVERSION = YES;
				CLANG_WARN_OBJC_IMPLICIT_RETAIN_SELF = YES;
				CLANG_WARN_OBJC_LITERAL_CONVERSION = YES;
				CLANG_WARN_OBJC_ROOT_CLASS = YES_ERROR;
				CLANG_WARN_QUOTED_INCLUDE_IN_FRAMEWORK_HEADER = YES;
				CLANG_WARN_RANGE_LOOP_ANALYSIS = YES;
				CLANG_WARN_STRICT_PROTOTYPES = YES;
				CLANG_WARN_SUSPICIOUS_MOVE = YES;
				CLANG_WARN_UNGUARDED_AVAILABILITY = YES_AGGRESSIVE;
				CLANG_WARN_UNREACHABLE_CODE = YES;
				CLANG_WARN__DUPLICATE_METHOD_MATCH = YES;
				COPY_PHASE_STRIP = NO;
				DEBUG_INFORMATION_FORMAT = dwarf;
				ENABLE_STRICT_OBJC_MSGSEND = YES;
				ENABLE_TESTABILITY = YES;
				ENABLE_USER_SCRIPT_SANDBOXING = YES;
				GCC_C_LANGUAGE_STANDARD = gnu17;
				GCC_DYNAMIC_NO_PIC = NO;
				GCC_NO_COMMON_BLOCKS = YES;
				GCC_OPTIMIZATION_LEVEL = 0;
				GCC_PREPROCESSOR_DEFINITIONS = (
					"DEBUG=1",
					"$(inherited)",
				);
				GCC_WARN_64_TO_32_BIT_CONVERSION = YES;
				GCC_WARN_ABOUT_RETURN_TYPE = YES_ERROR;
				GCC_WARN_UNDECLARED_SELECTOR = YES;
				GCC_WARN_UNINITIALIZED_AUTOS = YES_AGGRESSIVE;
				GCC_WARN_UNUSED_FUNCTION = YES;
				GCC_WARN_UNUSED_VARIABLE = YES;
				IPHONEOS_DEPLOYMENT_TARGET = 17.2;
				LOCALIZATION_PREFERS_STRING_CATALOGS = YES;
				MTL_ENABLE_DEBUG_INFO = INCLUDE_SOURCE;
				MTL_FAST_MATH = YES;
				ONLY_ACTIVE_ARCH = YES;
				SDKROOT = iphoneos;
				SWIFT_ACTIVE_COMPILATION_CONDITIONS = "DEBUG $(inherited)";
				SWIFT_OPTIMIZATION_LEVEL = "-Onone";
			};
			name = Debug;
		};
		9FC6D8102B723024002C8F1F /* Release */ = {
			isa = XCBuildConfiguration;
			buildSettings = {
				ALWAYS_SEARCH_USER_PATHS = NO;
				ASSETCATALOG_COMPILER_GENERATE_SWIFT_ASSET_SYMBOL_EXTENSIONS = YES;
				CLANG_ANALYZER_NONNULL = YES;
				CLANG_ANALYZER_NUMBER_OBJECT_CONVERSION = YES_AGGRESSIVE;
				CLANG_CXX_LANGUAGE_STANDARD = "gnu++20";
				CLANG_ENABLE_MODULES = YES;
				CLANG_ENABLE_OBJC_ARC = YES;
				CLANG_ENABLE_OBJC_WEAK = YES;
				CLANG_WARN_BLOCK_CAPTURE_AUTORELEASING = YES;
				CLANG_WARN_BOOL_CONVERSION = YES;
				CLANG_WARN_COMMA = YES;
				CLANG_WARN_CONSTANT_CONVERSION = YES;
				CLANG_WARN_DEPRECATED_OBJC_IMPLEMENTATIONS = YES;
				CLANG_WARN_DIRECT_OBJC_ISA_USAGE = YES_ERROR;
				CLANG_WARN_DOCUMENTATION_COMMENTS = YES;
				CLANG_WARN_EMPTY_BODY = YES;
				CLANG_WARN_ENUM_CONVERSION = YES;
				CLANG_WARN_INFINITE_RECURSION = YES;
				CLANG_WARN_INT_CONVERSION = YES;
				CLANG_WARN_NON_LITERAL_NULL_CONVERSION = YES;
				CLANG_WARN_OBJC_IMPLICIT_RETAIN_SELF = YES;
				CLANG_WARN_OBJC_LITERAL_CONVERSION = YES;
				CLANG_WARN_OBJC_ROOT_CLASS = YES_ERROR;
				CLANG_WARN_QUOTED_INCLUDE_IN_FRAMEWORK_HEADER = YES;
				CLANG_WARN_RANGE_LOOP_ANALYSIS = YES;
				CLANG_WARN_STRICT_PROTOTYPES = YES;
				CLANG_WARN_SUSPICIOUS_MOVE = YES;
				CLANG_WARN_UNGUARDED_AVAILABILITY = YES_AGGRESSIVE;
				CLANG_WARN_UNREACHABLE_CODE = YES;
				CLANG_WARN__DUPLICATE_METHOD_MATCH = YES;
				COPY_PHASE_STRIP = NO;
				DEBUG_INFORMATION_FORMAT = "dwarf-with-dsym";
				ENABLE_NS_ASSERTIONS = NO;
				ENABLE_STRICT_OBJC_MSGSEND = YES;
				ENABLE_USER_SCRIPT_SANDBOXING = YES;
				GCC_C_LANGUAGE_STANDARD = gnu17;
				GCC_NO_COMMON_BLOCKS = YES;
				GCC_WARN_64_TO_32_BIT_CONVERSION = YES;
				GCC_WARN_ABOUT_RETURN_TYPE = YES_ERROR;
				GCC_WARN_UNDECLARED_SELECTOR = YES;
				GCC_WARN_UNINITIALIZED_AUTOS = YES_AGGRESSIVE;
				GCC_WARN_UNUSED_FUNCTION = YES;
				GCC_WARN_UNUSED_VARIABLE = YES;
				IPHONEOS_DEPLOYMENT_TARGET = 17.2;
				LOCALIZATION_PREFERS_STRING_CATALOGS = YES;
				MTL_ENABLE_DEBUG_INFO = NO;
				MTL_FAST_MATH = YES;
				SDKROOT = iphoneos;
				SWIFT_COMPILATION_MODE = wholemodule;
				VALIDATE_PRODUCT = YES;
			};
			name = Release;
		};
		9FC6D8122B723024002C8F1F /* Debug */ = {
			isa = XCBuildConfiguration;
			buildSettings = {
				ASSETCATALOG_COMPILER_APPICON_NAME = AppIcon;
				ASSETCATALOG_COMPILER_GLOBAL_ACCENT_COLOR_NAME = AccentColor;
				CODE_SIGN_STYLE = Automatic;
				CURRENT_PROJECT_VERSION = 1;
				DEVELOPMENT_ASSET_PATHS = "\"SwiftFaissXCode/Preview Content\"";
				ENABLE_PREVIEWS = YES;
				GENERATE_INFOPLIST_FILE = YES;
				INFOPLIST_KEY_UIApplicationSceneManifest_Generation = YES;
				INFOPLIST_KEY_UIApplicationSupportsIndirectInputEvents = YES;
				INFOPLIST_KEY_UILaunchScreen_Generation = YES;
				INFOPLIST_KEY_UISupportedInterfaceOrientations_iPad = "UIInterfaceOrientationPortrait UIInterfaceOrientationPortraitUpsideDown UIInterfaceOrientationLandscapeLeft UIInterfaceOrientationLandscapeRight";
				INFOPLIST_KEY_UISupportedInterfaceOrientations_iPhone = "UIInterfaceOrientationPortrait UIInterfaceOrientationLandscapeLeft UIInterfaceOrientationLandscapeRight";
				LD_RUNPATH_SEARCH_PATHS = (
					"$(inherited)",
					"@executable_path/Frameworks",
				);
				MARKETING_VERSION = 1.0;
				PRODUCT_BUNDLE_IDENTIFIER = com.jankrukowski.SwiftFaissXCode;
				PRODUCT_NAME = "$(TARGET_NAME)";
				SWIFT_EMIT_LOC_STRINGS = YES;
				SWIFT_VERSION = 5.0;
				TARGETED_DEVICE_FAMILY = "1,2";
			};
			name = Debug;
		};
		9FC6D8132B723024002C8F1F /* Release */ = {
			isa = XCBuildConfiguration;
			buildSettings = {
				ASSETCATALOG_COMPILER_APPICON_NAME = AppIcon;
				ASSETCATALOG_COMPILER_GLOBAL_ACCENT_COLOR_NAME = AccentColor;
				CODE_SIGN_STYLE = Automatic;
				CURRENT_PROJECT_VERSION = 1;
				DEVELOPMENT_ASSET_PATHS = "\"SwiftFaissXCode/Preview Content\"";
				ENABLE_PREVIEWS = YES;
				GENERATE_INFOPLIST_FILE = YES;
				INFOPLIST_KEY_UIApplicationSceneManifest_Generation = YES;
				INFOPLIST_KEY_UIApplicationSupportsIndirectInputEvents = YES;
				INFOPLIST_KEY_UILaunchScreen_Generation = YES;
				INFOPLIST_KEY_UISupportedInterfaceOrientations_iPad = "UIInterfaceOrientationPortrait UIInterfaceOrientationPortraitUpsideDown UIInterfaceOrientationLandscapeLeft UIInterfaceOrientationLandscapeRight";
				INFOPLIST_KEY_UISupportedInterfaceOrientations_iPhone = "UIInterfaceOrientationPortrait UIInterfaceOrientationLandscapeLeft UIInterfaceOrientationLandscapeRight";
				LD_RUNPATH_SEARCH_PATHS = (
					"$(inherited)",
					"@executable_path/Frameworks",
				);
				MARKETING_VERSION = 1.0;
				PRODUCT_BUNDLE_IDENTIFIER = com.jankrukowski.SwiftFaissXCode;
				PRODUCT_NAME = "$(TARGET_NAME)";
				SWIFT_EMIT_LOC_STRINGS = YES;
				SWIFT_VERSION = 5.0;
				TARGETED_DEVICE_FAMILY = "1,2";
			};
			name = Release;
		};
		9FC6D8152B723024002C8F1F /* Debug */ = {
			isa = XCBuildConfiguration;
			buildSettings = {
				ALWAYS_EMBED_SWIFT_STANDARD_LIBRARIES = YES;
				BUNDLE_LOADER = "$(TEST_HOST)";
				CODE_SIGN_STYLE = Automatic;
				CURRENT_PROJECT_VERSION = 1;
				GENERATE_INFOPLIST_FILE = YES;
				IPHONEOS_DEPLOYMENT_TARGET = 17.2;
				MARKETING_VERSION = 1.0;
				PRODUCT_BUNDLE_IDENTIFIER = com.jankrukowski.SwiftFaissXCodeTests;
				PRODUCT_NAME = "$(TARGET_NAME)";
				SUPPORTED_PLATFORMS = "iphoneos iphonesimulator";
				SUPPORTS_MACCATALYST = NO;
				SWIFT_EMIT_LOC_STRINGS = NO;
				SWIFT_VERSION = 5.0;
				TARGETED_DEVICE_FAMILY = "1,2";
				TEST_HOST = "$(BUILT_PRODUCTS_DIR)/SwiftFaissXCode.app/$(BUNDLE_EXECUTABLE_FOLDER_PATH)/SwiftFaissXCode";
			};
			name = Debug;
		};
		9FC6D8162B723024002C8F1F /* Release */ = {
			isa = XCBuildConfiguration;
			buildSettings = {
				ALWAYS_EMBED_SWIFT_STANDARD_LIBRARIES = YES;
				BUNDLE_LOADER = "$(TEST_HOST)";
				CODE_SIGN_STYLE = Automatic;
				CURRENT_PROJECT_VERSION = 1;
				GENERATE_INFOPLIST_FILE = YES;
				IPHONEOS_DEPLOYMENT_TARGET = 17.2;
				MARKETING_VERSION = 1.0;
				PRODUCT_BUNDLE_IDENTIFIER = com.jankrukowski.SwiftFaissXCodeTests;
				PRODUCT_NAME = "$(TARGET_NAME)";
				SUPPORTED_PLATFORMS = "iphoneos iphonesimulator";
				SUPPORTS_MACCATALYST = NO;
				SWIFT_EMIT_LOC_STRINGS = NO;
				SWIFT_VERSION = 5.0;
				TARGETED_DEVICE_FAMILY = "1,2";
				TEST_HOST = "$(BUILT_PRODUCTS_DIR)/SwiftFaissXCode.app/$(BUNDLE_EXECUTABLE_FOLDER_PATH)/SwiftFaissXCode";
			};
			name = Release;
		};
/* End XCBuildConfiguration section */

/* Begin XCConfigurationList section */
		9FC6D7E82B723023002C8F1F /* Build configuration list for PBXProject "SwiftFaissXCode" */ = {
			isa = XCConfigurationList;
			buildConfigurations = (
				9FC6D80F2B723024002C8F1F /* Debug */,
				9FC6D8102B723024002C8F1F /* Release */,
			);
			defaultConfigurationIsVisible = 0;
			defaultConfigurationName = Release;
		};
		9FC6D8112B723024002C8F1F /* Build configuration list for PBXNativeTarget "SwiftFaissXCode" */ = {
			isa = XCConfigurationList;
			buildConfigurations = (
				9FC6D8122B723024002C8F1F /* Debug */,
				9FC6D8132B723024002C8F1F /* Release */,
			);
			defaultConfigurationIsVisible = 0;
			defaultConfigurationName = Release;
		};
		9FC6D8142B723024002C8F1F /* Build configuration list for PBXNativeTarget "SwiftFaissXCodeTests" */ = {
			isa = XCConfigurationList;
			buildConfigurations = (
				9FC6D8152B723024002C8F1F /* Debug */,
				9FC6D8162B723024002C8F1F /* Release */,
			);
			defaultConfigurationIsVisible = 0;
			defaultConfigurationName = Release;
		};
/* End XCConfigurationList section */

/* Begin XCRemoteSwiftPackageReference section */
		9FC6D81A2B7230A5002C8F1F /* XCRemoteSwiftPackageReference "SwiftFaiss" */ = {
			isa = XCRemoteSwiftPackageReference;
			repositoryURL = "https://github.com/jkrukowski/SwiftFaiss";
			requirement = {
				kind = upToNextMajorVersion;
				minimumVersion = 0.0.8;
			};
		};
/* End XCRemoteSwiftPackageReference section */

/* Begin XCSwiftPackageProductDependency section */
		9FC6D81B2B7230A5002C8F1F /* SwiftFaiss */ = {
			isa = XCSwiftPackageProductDependency;
			package = 9FC6D81A2B7230A5002C8F1F /* XCRemoteSwiftPackageReference "SwiftFaiss" */;
			productName = SwiftFaiss;
		};
/* End XCSwiftPackageProductDependency section */
	};
	rootObject = 9FC6D7E52B723023002C8F1F /* Project object */;
}
